
Microsoft Visual Studio Solution File, Format Version 12.00
# Visual Studio Version 17
VisualStudioVersion = 17.6.33815.320
MinimumVisualStudioVersion = 10.0.40219.1
Project("{2150E333-8FDC-42A3-9474-1A3956D46DE8}") = "APIGateway", "APIGateway", "{D10257D1-677E-4D6D-8861-61715B7FB1E9}"
EndProject
Project("{9A19103F-16F7-4668-BE54-9A1E7A4F7556}") = "ShopEase.Backend.APIGateway", "APIGateway\ShopEase.Backend.APIGateway\ShopEase.Backend.APIGateway.csproj", "{98D4F7B1-3666-424B-B2D7-B147F272EDEF}"
EndProject
Project("{2150E333-8FDC-42A3-9474-1A3956D46DE8}") = "Infrastructure", "Infrastructure", "{D4F74CA5-95AE-4500-AE22-465164A5C95F}"
EndProject
Project("{2150E333-8FDC-42A3-9474-1A3956D46DE8}") = "Services", "Services", "{83C2F24C-74E0-4653-B3D7-E8EDB76B0B31}"
EndProject
Project("{2150E333-8FDC-42A3-9474-1A3956D46DE8}") = "AuthService", "AuthService", "{77F4E446-3A0E-42F7-B43A-2A63C07DF252}"
EndProject
Project("{9A19103F-16F7-4668-BE54-9A1E7A4F7556}") = "ShopEase.Backend.AuthService.API", "Services\AuthService\ShopEase.Backend.AuthService.API\ShopEase.Backend.AuthService.API.csproj", "{65E0548B-6C25-4A94-BE09-7D652B634792}"
EndProject
Project("{9A19103F-16F7-4668-BE54-9A1E7A4F7556}") = "ShopEase.Backend.AuthService.Application", "Services\AuthService\ShopEase.Backend.AuthService.Application\ShopEase.Backend.AuthService.Application.csproj", "{BBA2E153-D5A7-4750-9660-7B80243F46B5}"
EndProject
Project("{9A19103F-16F7-4668-BE54-9A1E7A4F7556}") = "ShopEase.Backend.AuthService.Core", "Services\AuthService\ShopEase.Backend.AuthService.Core\ShopEase.Backend.AuthService.Core.csproj", "{C8B7D666-F4AC-40B1-967F-A4EDD74CEA1B}"
EndProject
Project("{9A19103F-16F7-4668-BE54-9A1E7A4F7556}") = "ShopEase.Backend.AuthService.Infrastructure", "Services\AuthService\ShopEase.Backend.AuthService.Infrastructure\ShopEase.Backend.AuthService.Infrastructure.csproj", "{D6EEA10E-9FC1-4736-8B7E-DFE603B2DC0A}"
EndProject
Project("{E53339B2-1760-4266-BCC7-CA923CBCF16C}") = "docker-compose", "docker-compose.dcproj", "{60431D5F-FFE8-4FB0-A624-C1B77738544A}"
EndProject
Global
	GlobalSection(SolutionConfigurationPlatforms) = preSolution
		Debug|Any CPU = Debug|Any CPU
		Release|Any CPU = Release|Any CPU
	EndGlobalSection
	GlobalSection(ProjectConfigurationPlatforms) = postSolution
		{98D4F7B1-3666-424B-B2D7-B147F272EDEF}.Debug|Any CPU.ActiveCfg = Debug|Any CPU
		{98D4F7B1-3666-424B-B2D7-B147F272EDEF}.Debug|Any CPU.Build.0 = Debug|Any CPU
		{98D4F7B1-3666-424B-B2D7-B147F272EDEF}.Release|Any CPU.ActiveCfg = Release|Any CPU
		{98D4F7B1-3666-424B-B2D7-B147F272EDEF}.Release|Any CPU.Build.0 = Release|Any CPU
		{65E0548B-6C25-4A94-BE09-7D652B634792}.Debug|Any CPU.ActiveCfg = Debug|Any CPU
		{65E0548B-6C25-4A94-BE09-7D652B634792}.Debug|Any CPU.Build.0 = Debug|Any CPU
		{65E0548B-6C25-4A94-BE09-7D652B634792}.Release|Any CPU.ActiveCfg = Release|Any CPU
		{65E0548B-6C25-4A94-BE09-7D652B634792}.Release|Any CPU.Build.0 = Release|Any CPU
		{BBA2E153-D5A7-4750-9660-7B80243F46B5}.Debug|Any CPU.ActiveCfg = Debug|Any CPU
		{BBA2E153-D5A7-4750-9660-7B80243F46B5}.Debug|Any CPU.Build.0 = Debug|Any CPU
		{BBA2E153-D5A7-4750-9660-7B80243F46B5}.Release|Any CPU.ActiveCfg = Release|Any CPU
		{BBA2E153-D5A7-4750-9660-7B80243F46B5}.Release|Any CPU.Build.0 = Release|Any CPU
		{C8B7D666-F4AC-40B1-967F-A4EDD74CEA1B}.Debug|Any CPU.ActiveCfg = Debug|Any CPU
		{C8B7D666-F4AC-40B1-967F-A4EDD74CEA1B}.Debug|Any CPU.Build.0 = Debug|Any CPU
		{C8B7D666-F4AC-40B1-967F-A4EDD74CEA1B}.Release|Any CPU.ActiveCfg = Release|Any CPU
		{C8B7D666-F4AC-40B1-967F-A4EDD74CEA1B}.Release|Any CPU.Build.0 = Release|Any CPU
		{D6EEA10E-9FC1-4736-8B7E-DFE603B2DC0A}.Debug|Any CPU.ActiveCfg = Debug|Any CPU
		{D6EEA10E-9FC1-4736-8B7E-DFE603B2DC0A}.Debug|Any CPU.Build.0 = Debug|Any CPU
		{D6EEA10E-9FC1-4736-8B7E-DFE603B2DC0A}.Release|Any CPU.ActiveCfg = Release|Any CPU
		{D6EEA10E-9FC1-4736-8B7E-DFE603B2DC0A}.Release|Any CPU.Build.0 = Release|Any CPU
		{60431D5F-FFE8-4FB0-A624-C1B77738544A}.Debug|Any CPU.ActiveCfg = Debug|Any CPU
		{60431D5F-FFE8-4FB0-A624-C1B77738544A}.Debug|Any CPU.Build.0 = Debug|Any CPU
		{60431D5F-FFE8-4FB0-A624-C1B77738544A}.Release|Any CPU.ActiveCfg = Release|Any CPU
		{60431D5F-FFE8-4FB0-A624-C1B77738544A}.Release|Any CPU.Build.0 = Release|Any CPU
	EndGlobalSection
	GlobalSection(SolutionProperties) = preSolution
		HideSolutionNode = FALSE
	EndGlobalSection
	GlobalSection(NestedProjects) = preSolution
		{98D4F7B1-3666-424B-B2D7-B147F272EDEF} = {D10257D1-677E-4D6D-8861-61715B7FB1E9}
		{77F4E446-3A0E-42F7-B43A-2A63C07DF252} = {83C2F24C-74E0-4653-B3D7-E8EDB76B0B31}
		{65E0548B-6C25-4A94-BE09-7D652B634792} = {77F4E446-3A0E-42F7-B43A-2A63C07DF252}
		{BBA2E153-D5A7-4750-9660-7B80243F46B5} = {77F4E446-3A0E-42F7-B43A-2A63C07DF252}
		{C8B7D666-F4AC-40B1-967F-A4EDD74CEA1B} = {77F4E446-3A0E-42F7-B43A-2A63C07DF252}
		{D6EEA10E-9FC1-4736-8B7E-DFE603B2DC0A} = {77F4E446-3A0E-42F7-B43A-2A63C07DF252}
	EndGlobalSection
	GlobalSection(ExtensibilityGlobals) = postSolution
		SolutionGuid = {C251727B-03B8-41AF-A56F-C113C2A2CED9}
	EndGlobalSection
EndGlobal
